
Microsoft Visual Studio Solution File, Format Version 12.00
# Visual Studio Version 16
VisualStudioVersion = 16.0.30621.155
MinimumVisualStudioVersion = 10.0.40219.1
Project("{FAE04EC0-301F-11D3-BF4B-00C04F79EFBC}") = "Hangman-game", "Hangman-game\Hangman-game.csproj", "{F59DAC1F-4C94-4ED3-88DD-E4928F42966F}"
EndProject
Global
	GlobalSection(SolutionConfigurationPlatforms) = preSolution
		Debug|Any CPU = Debug|Any CPU
		Release|Any CPU = Release|Any CPU
	EndGlobalSection
	GlobalSection(ProjectConfigurationPlatforms) = postSolution
		{F59DAC1F-4C94-4ED3-88DD-E4928F42966F}.Debug|Any CPU.ActiveCfg = Debug|Any CPU
		{F59DAC1F-4C94-4ED3-88DD-E4928F42966F}.Debug|Any CPU.Build.0 = Debug|Any CPU
		{F59DAC1F-4C94-4ED3-88DD-E4928F42966F}.Release|Any CPU.ActiveCfg = Release|Any CPU
		{F59DAC1F-4C94-4ED3-88DD-E4928F42966F}.Release|Any CPU.Build.0 = Release|Any CPU
	EndGlobalSection
	GlobalSection(SolutionProperties) = preSolution
		HideSolutionNode = FALSE
	EndGlobalSection
	GlobalSection(ExtensibilityGlobals) = postSolution
		SolutionGuid = {EBC31DC3-ECF9-4AAF-AF1E-FD7282D72E3E}
	EndGlobalSection
EndGlobal
